Microsoft Visual Studio Solution File, Format Version 12.00
# Visual Studio Version 17
VisualStudioVersion = 17.5.2.0
MinimumVisualStudioVersion = 10.0.40219.1
Project("{2150E333-8FDC-42A3-9474-1A3956D46DE8}") = "NetCore", "NetCore", "{4A1645B2-CB7C-94BE-78BC-C40126DF7D0C}"
EndProject
Project("{FAE04EC0-301F-11D3-BF4B-00C04F79EFBC}") = "Dotnet.docker", "NetCore\App\Dotnet.docker.csproj", "{0E96FDD7-BD3B-FECD-4A72-DF6477E60B68}"
EndProject
Global
	GlobalSection(SolutionConfigurationPlatforms) = preSolution
		Debug|Any CPU = Debug|Any CPU
		Release|Any CPU = Release|Any CPU
	EndGlobalSection
	GlobalSection(ProjectConfigurationPlatforms) = postSolution
		{0E96FDD7-BD3B-FECD-4A72-DF6477E60B68}.Debug|Any CPU.ActiveCfg = Debug|Any CPU
		{0E96FDD7-BD3B-FECD-4A72-DF6477E60B68}.Debug|Any CPU.Build.0 = Debug|Any CPU
		{0E96FDD7-BD3B-FECD-4A72-DF6477E60B68}.Release|Any CPU.ActiveCfg = Release|Any CPU
		{0E96FDD7-BD3B-FECD-4A72-DF6477E60B68}.Release|Any CPU.Build.0 = Release|Any CPU
	EndGlobalSection
	GlobalSection(SolutionProperties) = preSolution
		HideSolutionNode = FALSE
	EndGlobalSection
	GlobalSection(NestedProjects) = preSolution
		{0E96FDD7-BD3B-FECD-4A72-DF6477E60B68} = {4A1645B2-CB7C-94BE-78BC-C40126DF7D0C}
	EndGlobalSection
	GlobalSection(ExtensibilityGlobals) = postSolution
		SolutionGuid = {57074374-0605-47A9-A568-08DB09281A38}
	EndGlobalSection
EndGlobal
